{
  "name": "latchkit",
  "version": "0.1.0-alpha.1",
  "lockfileVersion": 3,
  "requires": true,
  "packages": {
    "": {
      "name": "latchkit",
      "version": "0.1.0-alpha.1",
      "license": "MIT",
      "bin": {
        "latchkit": "src/cli.js"
      },
      "engines": {
        "node": ">=22"
      }
    }
  }
}
